
Microsoft Visual Studio Solution File, Format Version 12.00
# Visual Studio Version 17
VisualStudioVersion = 17.14.37314.3 d17.14
MinimumVisualStudioVersion = 10.0.40219.1
Project("{8BC9CEB8-8B4A-11D0-8D11-00A0C91BC942}") = "CoinBox", "CoinBox\CoinBox.vcxproj", "{7DE27402-6A42-4AF8-A759-8713F85D5684}"
EndProject
Global
	GlobalSection(SolutionConfigurationPlatforms) = preSolution
		Debug|x64 = Debug|x64
		Debug|x86 = Debug|x86
		Release|x64 = Release|x64
		Release|x86 = Release|x86
	EndGlobalSection
	GlobalSection(ProjectConfigurationPlatforms) = postSolution
		{7DE27402-6A42-4AF8-A759-8713F85D5684}.Debug|x64.ActiveCfg = Debug|x64
		{7DE27402-6A42-4AF8-A759-8713F85D5684}.Debug|x64.Build.0 = Debug|x64
		{7DE27402-6A42-4AF8-A759-8713F85D5684}.Debug|x86.ActiveCfg = Debug|Win32
		{7DE27402-6A42-4AF8-A759-8713F85D5684}.Debug|x86.Build.0 = Debug|Win32
		{7DE27402-6A42-4AF8-A759-8713F85D5684}.Release|x64.ActiveCfg = Release|x64
		{7DE27402-6A42-4AF8-A759-8713F85D5684}.Release|x64.Build.0 = Release|x64
		{7DE27402-6A42-4AF8-A759-8713F85D5684}.Release|x86.ActiveCfg = Release|Win32
		{7DE27402-6A42-4AF8-A759-8713F85D5684}.Release|x86.Build.0 = Release|Win32
	EndGlobalSection
	GlobalSection(SolutionProperties) = preSolution
		HideSolutionNode = FALSE
	EndGlobalSection
	GlobalSection(ExtensibilityGlobals) = postSolution
		SolutionGuid = {67C1E8B7-74C1-4AD5-87A3-1F362623511B}
	EndGlobalSection
EndGlobal
