<?xml version="1.0" encoding="utf-8"?>
<Project ToolsVersion="4.0" xmlns="http://schemas.microsoft.com/developer/msbuild/2003">
  <ItemGroup>
    <Filter Include="소스 파일">
      <UniqueIdentifier>{4FC737F1-C7A5-4376-A066-2A32D752A2FF}</UniqueIdentifier>
      <Extensions>cpp;c;cc;cxx;c++;cppm;ixx;def;odl;idl;hpj;bat;asm;asmx</Extensions>
    </Filter>
    <Filter Include="헤더 파일">
      <UniqueIdentifier>{93995380-89BD-4b04-88EB-625FBE52EBFB}</UniqueIdentifier>
      <Extensions>h;hh;hpp;hxx;h++;hm;inl;inc;ipp;xsd</Extensions>
    </Filter>
    <Filter Include="리소스 파일">
      <UniqueIdentifier>{67DA6AB6-F800-4c08-8B7A-83BB121AAD01}</UniqueIdentifier>
      <Extensions>rc;ico;cur;bmp;dlg;rc2;rct;bin;rgs;gif;jpg;jpeg;jpe;resx;tiff;tif;png;wav;mfcribbon-ms</Extensions>
    </Filter>
    <Filter Include="Engine">
      <UniqueIdentifier>{5d5cebf8-ac8c-4e2e-9205-7dcf985a394f}</UniqueIdentifier>
    </Filter>
    <Filter Include="Engine\Core">
      <UniqueIdentifier>{d2b5a55f-4b16-473c-9257-818f7ff5b1d3}</UniqueIdentifier>
    </Filter>
    <Filter Include="Engine\Scene">
      <UniqueIdentifier>{f918de5f-ff91-4653-8df1-2df6ab07b2fa}</UniqueIdentifier>
    </Filter>
    <Filter Include="Engine\Input">
      <UniqueIdentifier>{a37cf35d-bde2-49dd-9992-109140d20d30}</UniqueIdentifier>
    </Filter>
    <Filter Include="Engine\Resources">
      <UniqueIdentifier>{1486297c-b90b-4ec6-852c-fcc348f11fbd}</UniqueIdentifier>
    </Filter>
    <Filter Include="Engine\Etc">
      <UniqueIdentifier>{cf210cd3-6b89-4550-9738-b603e27baf21}</UniqueIdentifier>
    </Filter>
    <Filter Include="Game">
      <UniqueIdentifier>{c648fdb7-1f94-4bbd-8392-b99dab5e9727}</UniqueIdentifier>
    </Filter>
    <Filter Include="Game\Scenes">
      <UniqueIdentifier>{76db6e95-f275-4d16-a9f8-6de1c4764e40}</UniqueIdentifier>
    </Filter>
    <Filter Include="Game\Objects">
      <UniqueIdentifier>{ba2416f3-612f-4355-a0f3-4366d31420eb}</UniqueIdentifier>
    </Filter>
    <Filter Include="Engine\Components">
      <UniqueIdentifier>{532b2fba-1f0c-4288-a687-95eda220e036}</UniqueIdentifier>
    </Filter>
    <Filter Include="Game\Scenes\Background">
      <UniqueIdentifier>{68e8c4b8-2d3d-454a-a416-e71c6fdbc704}</UniqueIdentifier>
    </Filter>
    <Filter Include="Game\Scenes\Foreground">
      <UniqueIdentifier>{c2900a88-8f50-491b-ab2e-13ee952b4f9f}</UniqueIdentifier>
    </Filter>
    <Filter Include="Engine\Demo">
      <UniqueIdentifier>{8b6e7cfa-9a0a-427e-a4bf-4a3342828e36}</UniqueIdentifier>
    </Filter>
    <Filter Include="Demo">
      <UniqueIdentifier>{f7b41e36-53f0-4d6e-93f0-3d0fed8e20de}</UniqueIdentifier>
    </Filter>
  </ItemGroup>
  <ItemGroup>
    <ClInclude Include="Engine\Core\Component.h">
      <Filter>Engine\Core</Filter>
    </ClInclude>
    <ClInclude Include="Engine\Core\GameObject.h">
      <Filter>Engine\Core</Filter>
    </ClInclude>
    <ClInclude Include="Engine\Core\Transform.h">
      <Filter>Engine\Core</Filter>
    </ClInclude>
    <ClInclude Include="Engine\Scene\Scene.h">
      <Filter>Engine\Scene</Filter>
    </ClInclude>
    <ClInclude Include="Engine\Scene\SceneManager.h">
      <Filter>Engine\Scene</Filter>
    </ClInclude>
    <ClInclude Include="Engine\Input\Input.h">
      <Filter>Engine\Input</Filter>
    </ClInclude>
    <ClInclude Include="Engine\Resources\ResourceManager.h">
      <Filter>Engine\Resources</Filter>
    </ClInclude>
    <ClInclude Include="framework.h">
      <Filter>Engine\Etc</Filter>
    </ClInclude>
    <ClInclude Include="Resource.h">
      <Filter>Engine\Etc</Filter>
    </ClInclude>
    <ClInclude Include="targetver.h">
      <Filter>Engine\Etc</Filter>
    </ClInclude>
    <ClInclude Include="CoinBox.h">
      <Filter>Engine</Filter>
    </ClInclude>
    <ClInclude Include="Engine\Graphics\SpriteRenderer.h">
      <Filter>Engine\Components</Filter>
    </ClInclude>
    <ClInclude Include="BackScene.h">
      <Filter>Game\Scenes\Background</Filter>
    </ClInclude>
    <ClInclude Include="Engine\Graphics\D2DGameEngine.h">
      <Filter>Engine</Filter>
    </ClInclude>
    <ClInclude Include="Demo\DemoScenes.h">
      <Filter>Demo</Filter>
    </ClInclude>
    <ClInclude Include="TitleScene.h">
      <Filter>Game\Scenes\Foreground</Filter>
    </ClInclude>
  </ItemGroup>
  <ItemGroup>
    <ClCompile Include="Engine\Core\Component.cpp">
      <Filter>Engine\Core</Filter>
    </ClCompile>
    <ClCompile Include="Engine\Core\GameObject.cpp">
      <Filter>Engine\Core</Filter>
    </ClCompile>
    <ClCompile Include="Engine\Scene\Scene.cpp">
      <Filter>Engine\Scene</Filter>
    </ClCompile>
    <ClCompile Include="Engine\Scene\SceneManager.cpp">
      <Filter>Engine\Scene</Filter>
    </ClCompile>
    <ClCompile Include="Engine\Input\Input.cpp">
      <Filter>Engine\Input</Filter>
    </ClCompile>
    <ClCompile Include="Engine\Resources\ResourceManager.cpp">
      <Filter>Engine\Resources</Filter>
    </ClCompile>
    <ClCompile Include="Enum.h">
      <Filter>Engine\Etc</Filter>
    </ClCompile>
    <ClCompile Include="CoinBox.cpp">
      <Filter>Engine</Filter>
    </ClCompile>
    <ClCompile Include="PlayerCtrl.cpp">
      <Filter>Game\Objects</Filter>
    </ClCompile>
    <ClCompile Include="BackScene.cpp">
      <Filter>Game\Scenes\Background</Filter>
    </ClCompile>
    <ClCompile Include="Engine\Graphics\D2DGameEngine.cpp">
      <Filter>Engine</Filter>
    </ClCompile>
    <ClCompile Include="Engine\Graphics\SpriteRenderer.cpp">
      <Filter>Engine\Components</Filter>
    </ClCompile>
    <ClCompile Include="Demo\DemoScenes.cpp">
      <Filter>Demo</Filter>
    </ClCompile>
    <ClCompile Include="TitleScene.cpp">
      <Filter>Game\Scenes\Foreground</Filter>
    </ClCompile>
  </ItemGroup>
  <ItemGroup>
    <ResourceCompile Include="CoinBox.rc">
      <Filter>리소스 파일</Filter>
    </ResourceCompile>
  </ItemGroup>
  <ItemGroup>
    <Image Include="small.ico">
      <Filter>리소스 파일</Filter>
    </Image>
    <Image Include="CoinBox.ico">
      <Filter>리소스 파일</Filter>
    </Image>
  </ItemGroup>
</Project>